
Microsoft Visual Studio Solution File, Format Version 12.00
# Visual Studio Version 17
VisualStudioVersion = 17.0.32112.339
MinimumVisualStudioVersion = 10.0.40219.1
Project("{FAE04EC0-301F-11D3-BF4B-00C04F79EFBC}") = "Client", "TRRP_LAB_2\Client.csproj", "{93225002-A5E7-4EB4-827C-B48D83A137B5}"
EndProject
Project("{9A19103F-16F7-4668-BE54-9A1E7A4F7556}") = "ServerSocket", "ServerSocket\ServerSocket.csproj", "{793C2B6A-4375-48CD-BB3F-895ED1B80336}"
EndProject
Project("{9A19103F-16F7-4668-BE54-9A1E7A4F7556}") = "ServerMQ", "ServerMQ\ServerMQ.csproj", "{7D498881-D509-449A-9D55-BF46B38F06C5}"
EndProject
Global
	GlobalSection(SolutionConfigurationPlatforms) = preSolution
		Debug|Any CPU = Debug|Any CPU
		Release|Any CPU = Release|Any CPU
	EndGlobalSection
	GlobalSection(ProjectConfigurationPlatforms) = postSolution
		{93225002-A5E7-4EB4-827C-B48D83A137B5}.Debug|Any CPU.ActiveCfg = Debug|Any CPU
		{93225002-A5E7-4EB4-827C-B48D83A137B5}.Debug|Any CPU.Build.0 = Debug|Any CPU
		{93225002-A5E7-4EB4-827C-B48D83A137B5}.Release|Any CPU.ActiveCfg = Release|Any CPU
		{93225002-A5E7-4EB4-827C-B48D83A137B5}.Release|Any CPU.Build.0 = Release|Any CPU
		{793C2B6A-4375-48CD-BB3F-895ED1B80336}.Debug|Any CPU.ActiveCfg = Debug|Any CPU
		{793C2B6A-4375-48CD-BB3F-895ED1B80336}.Debug|Any CPU.Build.0 = Debug|Any CPU
		{793C2B6A-4375-48CD-BB3F-895ED1B80336}.Release|Any CPU.ActiveCfg = Release|Any CPU
		{793C2B6A-4375-48CD-BB3F-895ED1B80336}.Release|Any CPU.Build.0 = Release|Any CPU
		{7D498881-D509-449A-9D55-BF46B38F06C5}.Debug|Any CPU.ActiveCfg = Debug|Any CPU
		{7D498881-D509-449A-9D55-BF46B38F06C5}.Debug|Any CPU.Build.0 = Debug|Any CPU
		{7D498881-D509-449A-9D55-BF46B38F06C5}.Release|Any CPU.ActiveCfg = Release|Any CPU
		{7D498881-D509-449A-9D55-BF46B38F06C5}.Release|Any CPU.Build.0 = Release|Any CPU
	EndGlobalSection
	GlobalSection(SolutionProperties) = preSolution
		HideSolutionNode = FALSE
	EndGlobalSection
	GlobalSection(ExtensibilityGlobals) = postSolution
		SolutionGuid = {FD667B05-7010-462E-A85D-A1594F0F80CA}
	EndGlobalSection
EndGlobal
